
Microsoft Visual Studio Solution File, Format Version 12.00
# Visual Studio Version 17
VisualStudioVersion = 17.2.32516.85
MinimumVisualStudioVersion = 10.0.40219.1
Project("{FAE04EC0-301F-11D3-BF4B-00C04F79EFBC}") = "ConsoleApp26", "ConsoleApp26\ConsoleApp26.csproj", "{DBB4FF0B-99FB-4CC2-BAD4-C649CBC93998}"
EndProject
Global
	GlobalSection(SolutionConfigurationPlatforms) = preSolution
		Debug|Any CPU = Debug|Any CPU
		Release|Any CPU = Release|Any CPU
	EndGlobalSection
	GlobalSection(ProjectConfigurationPlatforms) = postSolution
		{DBB4FF0B-99FB-4CC2-BAD4-C649CBC93998}.Debug|Any CPU.ActiveCfg = Debug|Any CPU
		{DBB4FF0B-99FB-4CC2-BAD4-C649CBC93998}.Debug|Any CPU.Build.0 = Debug|Any CPU
		{DBB4FF0B-99FB-4CC2-BAD4-C649CBC93998}.Release|Any CPU.ActiveCfg = Release|Any CPU
		{DBB4FF0B-99FB-4CC2-BAD4-C649CBC93998}.Release|Any CPU.Build.0 = Release|Any CPU
	EndGlobalSection
	GlobalSection(SolutionProperties) = preSolution
		HideSolutionNode = FALSE
	EndGlobalSection
	GlobalSection(ExtensibilityGlobals) = postSolution
		SolutionGuid = {6E4D4127-1211-433B-9CF3-A0AB9BE908AE}
	EndGlobalSection
EndGlobal
